
Microsoft Visual Studio Solution File, Format Version 12.00
# Visual Studio Version 17
VisualStudioVersion = 17.7.34024.191
MinimumVisualStudioVersion = 10.0.40219.1
Project("{8BC9CEB8-8B4A-11D0-8D11-00A0C91BC942}") = "5laba", "5laba\5laba.vcxproj", "{96A79A4A-EFA3-4CEB-80A6-C4D04D58C4EB}"
EndProject
Global
	GlobalSection(SolutionConfigurationPlatforms) = preSolution
		Debug|x64 = Debug|x64
		Debug|x86 = Debug|x86
		Release|x64 = Release|x64
		Release|x86 = Release|x86
	EndGlobalSection
	GlobalSection(ProjectConfigurationPlatforms) = postSolution
		{96A79A4A-EFA3-4CEB-80A6-C4D04D58C4EB}.Debug|x64.ActiveCfg = Debug|x64
		{96A79A4A-EFA3-4CEB-80A6-C4D04D58C4EB}.Debug|x64.Build.0 = Debug|x64
		{96A79A4A-EFA3-4CEB-80A6-C4D04D58C4EB}.Debug|x86.ActiveCfg = Debug|Win32
		{96A79A4A-EFA3-4CEB-80A6-C4D04D58C4EB}.Debug|x86.Build.0 = Debug|Win32
		{96A79A4A-EFA3-4CEB-80A6-C4D04D58C4EB}.Release|x64.ActiveCfg = Release|x64
		{96A79A4A-EFA3-4CEB-80A6-C4D04D58C4EB}.Release|x64.Build.0 = Release|x64
		{96A79A4A-EFA3-4CEB-80A6-C4D04D58C4EB}.Release|x86.ActiveCfg = Release|Win32
		{96A79A4A-EFA3-4CEB-80A6-C4D04D58C4EB}.Release|x86.Build.0 = Release|Win32
	EndGlobalSection
	GlobalSection(SolutionProperties) = preSolution
		HideSolutionNode = FALSE
	EndGlobalSection
	GlobalSection(ExtensibilityGlobals) = postSolution
		SolutionGuid = {B8D0946A-ED47-4CC0-AE98-4BF701B8C20F}
	EndGlobalSection
EndGlobal
